
Microsoft Visual Studio Solution File, Format Version 12.00
# Visual Studio Version 17
VisualStudioVersion = 17.0.31903.59
MinimumVisualStudioVersion = 10.0.40219.1
Project("{9A19103F-16F7-4668-BE54-9A1E7A4F7556}") = "API", "API\API.csproj", "{F022FB53-773E-4286-9C14-7543F03765DE}"
EndProject
Global
	GlobalSection(SolutionConfigurationPlatforms) = preSolution
		Debug|Any CPU = Debug|Any CPU
		Release|Any CPU = Release|Any CPU
	EndGlobalSection
	GlobalSection(ProjectConfigurationPlatforms) = postSolution
		{F022FB53-773E-4286-9C14-7543F03765DE}.Debug|Any CPU.ActiveCfg = Debug|Any CPU
		{F022FB53-773E-4286-9C14-7543F03765DE}.Debug|Any CPU.Build.0 = Debug|Any CPU
		{F022FB53-773E-4286-9C14-7543F03765DE}.Release|Any CPU.ActiveCfg = Release|Any CPU
		{F022FB53-773E-4286-9C14-7543F03765DE}.Release|Any CPU.Build.0 = Release|Any CPU
	EndGlobalSection
	GlobalSection(SolutionProperties) = preSolution
		HideSolutionNode = FALSE
	EndGlobalSection
	GlobalSection(ExtensibilityGlobals) = postSolution
		SolutionGuid = {61B9E3F1-2C65-4F26-9A6C-BEAD0DED6C73}
	EndGlobalSection
EndGlobal
